
Microsoft Visual Studio Solution File, Format Version 12.00
# Visual Studio 15
VisualStudioVersion = 15.0.28307.757
MinimumVisualStudioVersion = 10.0.40219.1
Project("{FAE04EC0-301F-11D3-BF4B-00C04F79EFBC}") = "WebAppRestaurantDB", "WebAppRestaurantDB\WebAppRestaurantDB.csproj", "{C2B2C080-674F-466C-9B79-46024C5557F9}"
EndProject
Global
	GlobalSection(SolutionConfigurationPlatforms) = preSolution
		Debug|Any CPU = Debug|Any CPU
		Release|Any CPU = Release|Any CPU
	EndGlobalSection
	GlobalSection(ProjectConfigurationPlatforms) = postSolution
		{C2B2C080-674F-466C-9B79-46024C5557F9}.Debug|Any CPU.ActiveCfg = Debug|Any CPU
		{C2B2C080-674F-466C-9B79-46024C5557F9}.Debug|Any CPU.Build.0 = Debug|Any CPU
		{C2B2C080-674F-466C-9B79-46024C5557F9}.Release|Any CPU.ActiveCfg = Release|Any CPU
		{C2B2C080-674F-466C-9B79-46024C5557F9}.Release|Any CPU.Build.0 = Release|Any CPU
	EndGlobalSection
	GlobalSection(SolutionProperties) = preSolution
		HideSolutionNode = FALSE
	EndGlobalSection
	GlobalSection(ExtensibilityGlobals) = postSolution
		SolutionGuid = {49AF5409-8906-45B7-80B6-891EEB0D2177}
	EndGlobalSection
EndGlobal
